
Microsoft Visual Studio Solution File, Format Version 12.00
# Visual Studio Version 16
VisualStudioVersion = 16.0.30503.244
MinimumVisualStudioVersion = 10.0.40219.1
Project("{8BC9CEB8-8B4A-11D0-8D11-00A0C91BC942}") = "Treiber Winttun", "Treiber Winttun\Treiber Winttun.vcxproj", "{738A9B4B-1426-49BB-9C56-40210E80ED2C}"
EndProject
Project("{8BC9CEB8-8B4A-11D0-8D11-00A0C91BC942}") = "NetShareCLI", "NetShareCLI\NetShareCLI.vcxproj", "{BD6D56C2-3E45-4479-95F8-7CE08E1AE1CF}"
EndProject
Global
	GlobalSection(SolutionConfigurationPlatforms) = preSolution
		Debug|Any CPU = Debug|Any CPU
		Debug|x64 = Debug|x64
		Debug|x86 = Debug|x86
		Release|Any CPU = Release|Any CPU
		Release|x64 = Release|x64
		Release|x86 = Release|x86
	EndGlobalSection
	GlobalSection(ProjectConfigurationPlatforms) = postSolution
		{738A9B4B-1426-49BB-9C56-40210E80ED2C}.Debug|Any CPU.ActiveCfg = Debug|Win32
		{738A9B4B-1426-49BB-9C56-40210E80ED2C}.Debug|x64.ActiveCfg = Debug|x64
		{738A9B4B-1426-49BB-9C56-40210E80ED2C}.Debug|x64.Build.0 = Debug|x64
		{738A9B4B-1426-49BB-9C56-40210E80ED2C}.Debug|x86.ActiveCfg = Debug|Win32
		{738A9B4B-1426-49BB-9C56-40210E80ED2C}.Debug|x86.Build.0 = Debug|Win32
		{738A9B4B-1426-49BB-9C56-40210E80ED2C}.Release|Any CPU.ActiveCfg = Release|Win32
		{738A9B4B-1426-49BB-9C56-40210E80ED2C}.Release|x64.ActiveCfg = Release|x64
		{738A9B4B-1426-49BB-9C56-40210E80ED2C}.Release|x64.Build.0 = Release|x64
		{738A9B4B-1426-49BB-9C56-40210E80ED2C}.Release|x86.ActiveCfg = Release|Win32
		{738A9B4B-1426-49BB-9C56-40210E80ED2C}.Release|x86.Build.0 = Release|Win32
		{BD6D56C2-3E45-4479-95F8-7CE08E1AE1CF}.Debug|Any CPU.ActiveCfg = Debug|Win32
		{BD6D56C2-3E45-4479-95F8-7CE08E1AE1CF}.Debug|x64.ActiveCfg = Debug|x64
		{BD6D56C2-3E45-4479-95F8-7CE08E1AE1CF}.Debug|x64.Build.0 = Debug|x64
		{BD6D56C2-3E45-4479-95F8-7CE08E1AE1CF}.Debug|x86.ActiveCfg = Debug|Win32
		{BD6D56C2-3E45-4479-95F8-7CE08E1AE1CF}.Debug|x86.Build.0 = Debug|Win32
		{BD6D56C2-3E45-4479-95F8-7CE08E1AE1CF}.Release|Any CPU.ActiveCfg = Release|Win32
		{BD6D56C2-3E45-4479-95F8-7CE08E1AE1CF}.Release|x64.ActiveCfg = Release|x64
		{BD6D56C2-3E45-4479-95F8-7CE08E1AE1CF}.Release|x64.Build.0 = Release|x64
		{BD6D56C2-3E45-4479-95F8-7CE08E1AE1CF}.Release|x86.ActiveCfg = Release|Win32
		{BD6D56C2-3E45-4479-95F8-7CE08E1AE1CF}.Release|x86.Build.0 = Release|Win32
	EndGlobalSection
	GlobalSection(SolutionProperties) = preSolution
		HideSolutionNode = FALSE
	EndGlobalSection
	GlobalSection(ExtensibilityGlobals) = postSolution
		SolutionGuid = {2B34F55F-01FF-437D-A473-950511E19789}
	EndGlobalSection
EndGlobal
