
Microsoft Visual Studio Solution File, Format Version 12.00
# Visual Studio Version 16
VisualStudioVersion = 16.0.30503.244
MinimumVisualStudioVersion = 10.0.40219.1
Project("{8BC9CEB8-8B4A-11D0-8D11-00A0C91BC942}") = "Treiber", "Treiber\Treiber.vcxproj", "{28E03E56-B753-4BBF-9C0F-02BE2CA4BD1D}"
EndProject
Project("{9A19103F-16F7-4668-BE54-9A1E7A4F7556}") = "Treiber CSharp impl", "Treiber CSharp impl\Treiber CSharp impl.csproj", "{34DA21E7-4659-4701-9BB1-D83FBDB1D565}"
EndProject
Project("{8BC9CEB8-8B4A-11D0-8D11-00A0C91BC942}") = "Treiber Winttun", "Treiber Winttun\Treiber Winttun.vcxproj", "{738A9B4B-1426-49BB-9C56-40210E80ED2C}"
EndProject
Project("{8BC9CEB8-8B4A-11D0-8D11-00A0C91BC942}") = "test", "test\test.vcxproj", "{0AC90B50-E310-4110-A226-8410685718EB}"
EndProject
Global
	GlobalSection(SolutionConfigurationPlatforms) = preSolution
		Debug|Any CPU = Debug|Any CPU
		Debug|x64 = Debug|x64
		Debug|x86 = Debug|x86
		Release|Any CPU = Release|Any CPU
		Release|x64 = Release|x64
		Release|x86 = Release|x86
	EndGlobalSection
	GlobalSection(ProjectConfigurationPlatforms) = postSolution
		{28E03E56-B753-4BBF-9C0F-02BE2CA4BD1D}.Debug|Any CPU.ActiveCfg = Debug|Win32
		{28E03E56-B753-4BBF-9C0F-02BE2CA4BD1D}.Debug|x64.ActiveCfg = Debug|x64
		{28E03E56-B753-4BBF-9C0F-02BE2CA4BD1D}.Debug|x64.Build.0 = Debug|x64
		{28E03E56-B753-4BBF-9C0F-02BE2CA4BD1D}.Debug|x86.ActiveCfg = Debug|Win32
		{28E03E56-B753-4BBF-9C0F-02BE2CA4BD1D}.Debug|x86.Build.0 = Debug|Win32
		{28E03E56-B753-4BBF-9C0F-02BE2CA4BD1D}.Release|Any CPU.ActiveCfg = Release|Win32
		{28E03E56-B753-4BBF-9C0F-02BE2CA4BD1D}.Release|x64.ActiveCfg = Release|x64
		{28E03E56-B753-4BBF-9C0F-02BE2CA4BD1D}.Release|x64.Build.0 = Release|x64
		{28E03E56-B753-4BBF-9C0F-02BE2CA4BD1D}.Release|x86.ActiveCfg = Release|Win32
		{28E03E56-B753-4BBF-9C0F-02BE2CA4BD1D}.Release|x86.Build.0 = Release|Win32
		{34DA21E7-4659-4701-9BB1-D83FBDB1D565}.Debug|Any CPU.ActiveCfg = Debug|Any CPU
		{34DA21E7-4659-4701-9BB1-D83FBDB1D565}.Debug|Any CPU.Build.0 = Debug|Any CPU
		{34DA21E7-4659-4701-9BB1-D83FBDB1D565}.Debug|x64.ActiveCfg = Debug|Any CPU
		{34DA21E7-4659-4701-9BB1-D83FBDB1D565}.Debug|x64.Build.0 = Debug|Any CPU
		{34DA21E7-4659-4701-9BB1-D83FBDB1D565}.Debug|x86.ActiveCfg = Debug|Any CPU
		{34DA21E7-4659-4701-9BB1-D83FBDB1D565}.Debug|x86.Build.0 = Debug|Any CPU
		{34DA21E7-4659-4701-9BB1-D83FBDB1D565}.Release|Any CPU.ActiveCfg = Release|Any CPU
		{34DA21E7-4659-4701-9BB1-D83FBDB1D565}.Release|Any CPU.Build.0 = Release|Any CPU
		{34DA21E7-4659-4701-9BB1-D83FBDB1D565}.Release|x64.ActiveCfg = Release|Any CPU
		{34DA21E7-4659-4701-9BB1-D83FBDB1D565}.Release|x64.Build.0 = Release|Any CPU
		{34DA21E7-4659-4701-9BB1-D83FBDB1D565}.Release|x86.ActiveCfg = Release|Any CPU
		{34DA21E7-4659-4701-9BB1-D83FBDB1D565}.Release|x86.Build.0 = Release|Any CPU
		{738A9B4B-1426-49BB-9C56-40210E80ED2C}.Debug|Any CPU.ActiveCfg = Debug|Win32
		{738A9B4B-1426-49BB-9C56-40210E80ED2C}.Debug|x64.ActiveCfg = Debug|x64
		{738A9B4B-1426-49BB-9C56-40210E80ED2C}.Debug|x64.Build.0 = Debug|x64
		{738A9B4B-1426-49BB-9C56-40210E80ED2C}.Debug|x86.ActiveCfg = Debug|Win32
		{738A9B4B-1426-49BB-9C56-40210E80ED2C}.Debug|x86.Build.0 = Debug|Win32
		{738A9B4B-1426-49BB-9C56-40210E80ED2C}.Release|Any CPU.ActiveCfg = Release|Win32
		{738A9B4B-1426-49BB-9C56-40210E80ED2C}.Release|x64.ActiveCfg = Release|x64
		{738A9B4B-1426-49BB-9C56-40210E80ED2C}.Release|x64.Build.0 = Release|x64
		{738A9B4B-1426-49BB-9C56-40210E80ED2C}.Release|x86.ActiveCfg = Release|Win32
		{738A9B4B-1426-49BB-9C56-40210E80ED2C}.Release|x86.Build.0 = Release|Win32
		{0AC90B50-E310-4110-A226-8410685718EB}.Debug|Any CPU.ActiveCfg = Debug|Win32
		{0AC90B50-E310-4110-A226-8410685718EB}.Debug|x64.ActiveCfg = Debug|x64
		{0AC90B50-E310-4110-A226-8410685718EB}.Debug|x64.Build.0 = Debug|x64
		{0AC90B50-E310-4110-A226-8410685718EB}.Debug|x86.ActiveCfg = Debug|Win32
		{0AC90B50-E310-4110-A226-8410685718EB}.Debug|x86.Build.0 = Debug|Win32
		{0AC90B50-E310-4110-A226-8410685718EB}.Release|Any CPU.ActiveCfg = Release|Win32
		{0AC90B50-E310-4110-A226-8410685718EB}.Release|x64.ActiveCfg = Release|x64
		{0AC90B50-E310-4110-A226-8410685718EB}.Release|x64.Build.0 = Release|x64
		{0AC90B50-E310-4110-A226-8410685718EB}.Release|x86.ActiveCfg = Release|Win32
		{0AC90B50-E310-4110-A226-8410685718EB}.Release|x86.Build.0 = Release|Win32
	EndGlobalSection
	GlobalSection(SolutionProperties) = preSolution
		HideSolutionNode = FALSE
	EndGlobalSection
	GlobalSection(ExtensibilityGlobals) = postSolution
		SolutionGuid = {2B34F55F-01FF-437D-A473-950511E19789}
	EndGlobalSection
EndGlobal
