<?xml version="1.0" encoding="utf-8"?>
<Project ToolsVersion="4.0" xmlns="http://schemas.microsoft.com/developer/msbuild/2003">
  <ItemGroup>
    <Filter Include="Source Files">
      <UniqueIdentifier>{4FC737F1-C7A5-4376-A066-2A32D752A2FF}</UniqueIdentifier>
      <Extensions>cpp;c;cc;cxx;c++;cppm;ixx;def;odl;idl;hpj;bat;asm;asmx</Extensions>
    </Filter>
    <Filter Include="Header Files">
      <UniqueIdentifier>{93995380-89BD-4b04-88EB-625FBE52EBFB}</UniqueIdentifier>
      <Extensions>h;hh;hpp;hxx;h++;hm;inl;inc;ipp;xsd</Extensions>
    </Filter>
    <Filter Include="Resource Files">
      <UniqueIdentifier>{67DA6AB6-F800-4c08-8B7A-83BB121AAD01}</UniqueIdentifier>
      <Extensions>rc;ico;cur;bmp;dlg;rc2;rct;bin;rgs;gif;jpg;jpeg;jpe;resx;tiff;tif;png;wav;mfcribbon-ms</Extensions>
    </Filter>
    <Filter Include="Header Files\Config">
      <UniqueIdentifier>{d9616e8b-870f-4e35-98b2-f23cd967fc0b}</UniqueIdentifier>
    </Filter>
    <Filter Include="Header Files\Workers">
      <UniqueIdentifier>{6de0305e-e48c-4329-9dbc-1ec3e1a7dd35}</UniqueIdentifier>
    </Filter>
    <Filter Include="Header Files\Queue">
      <UniqueIdentifier>{3f21de3e-78d6-4e46-b38d-a4bc56fcfb0b}</UniqueIdentifier>
    </Filter>
    <Filter Include="Header Files\Diagnostics">
      <UniqueIdentifier>{3b42bcef-914b-4018-ad9e-ece19c4dda1e}</UniqueIdentifier>
    </Filter>
    <Filter Include="Header Files\WinTun">
      <UniqueIdentifier>{0bd0f611-edb9-40ec-a2f7-7129fc9ee71c}</UniqueIdentifier>
    </Filter>
    <Filter Include="Header Files\NetworkAdapters">
      <UniqueIdentifier>{6a341d4d-4868-401a-b14f-2fd450ae79d3}</UniqueIdentifier>
    </Filter>
    <Filter Include="Source Files\Diagnostics">
      <UniqueIdentifier>{8333bedf-e134-4edd-99e7-6591a65b8b26}</UniqueIdentifier>
    </Filter>
    <Filter Include="Header Files\Application">
      <UniqueIdentifier>{cf683992-1e9e-41f6-ba56-ca4f32dc1258}</UniqueIdentifier>
    </Filter>
  </ItemGroup>
  <ItemGroup>
    <ClInclude Include="Config.h">
      <Filter>Header Files\Config</Filter>
    </ClInclude>
    <ClInclude Include="UPDSocketWorker.h">
      <Filter>Header Files\Workers</Filter>
    </ClInclude>
    <ClInclude Include="WorkPacket.h">
      <Filter>Header Files\Queue</Filter>
    </ClInclude>
    <ClInclude Include="Workqueue.h">
      <Filter>Header Files\Queue</Filter>
    </ClInclude>
    <ClInclude Include="diagnostics.h">
      <Filter>Header Files\Diagnostics</Filter>
    </ClInclude>
    <ClInclude Include="log.h">
      <Filter>Header Files\Diagnostics</Filter>
    </ClInclude>
    <ClInclude Include="init_wintun.h">
      <Filter>Header Files\WinTun</Filter>
    </ClInclude>
    <ClInclude Include="adapter.h">
      <Filter>Header Files\WinTun</Filter>
    </ClInclude>
    <ClInclude Include="WinTunLogic.h">
      <Filter>Header Files\Workers</Filter>
    </ClInclude>
    <ClInclude Include="UDPWorkerConfig.h">
      <Filter>Header Files\Config</Filter>
    </ClInclude>
    <ClInclude Include="NetworkAdapterList.h">
      <Filter>Header Files\NetworkAdapters</Filter>
    </ClInclude>
    <ClInclude Include="NetworkAdapter.h">
      <Filter>Header Files\NetworkAdapters</Filter>
    </ClInclude>
    <ClInclude Include="execute.h">
      <Filter>Header Files</Filter>
    </ClInclude>
    <ClInclude Include="minitrace.h">
      <Filter>Header Files\Diagnostics</Filter>
    </ClInclude>
    <ClInclude Include="Application.h">
      <Filter>Header Files\Application</Filter>
    </ClInclude>
    <ClInclude Include="utils.h">
      <Filter>Header Files</Filter>
    </ClInclude>
  </ItemGroup>
  <ItemGroup>
    <ClCompile Include="main.cpp">
      <Filter>Source Files</Filter>
    </ClCompile>
    <ClCompile Include="Workqueue.cpp">
      <Filter>Source Files</Filter>
    </ClCompile>
    <ClCompile Include="minitrace.c">
      <Filter>Source Files\Diagnostics</Filter>
    </ClCompile>
    <ClCompile Include="Application.cpp">
      <Filter>Source Files</Filter>
    </ClCompile>
    <ClCompile Include="utils.cpp">
      <Filter>Source Files</Filter>
    </ClCompile>
    <ClCompile Include="SourceUPDSocketWorker.cpp">
      <Filter>Source Files</Filter>
    </ClCompile>
  </ItemGroup>
</Project>